
Microsoft Visual Studio Solution File, Format Version 12.00
# Visual Studio Version 17
VisualStudioVersion = 17.8.34511.84
MinimumVisualStudioVersion = 10.0.40219.1
Project("{9A19103F-16F7-4668-BE54-9A1E7A4F7556}") = "TeamApi", "TeamApi\TeamApi.csproj", "{B5E5C10E-7806-4CF4-A113-90AF0165192B}"
EndProject
Global
	GlobalSection(SolutionConfigurationPlatforms) = preSolution
		Debug|Any CPU = Debug|Any CPU
		Release|Any CPU = Release|Any CPU
	EndGlobalSection
	GlobalSection(ProjectConfigurationPlatforms) = postSolution
		{B5E5C10E-7806-4CF4-A113-90AF0165192B}.Debug|Any CPU.ActiveCfg = Debug|Any CPU
		{B5E5C10E-7806-4CF4-A113-90AF0165192B}.Debug|Any CPU.Build.0 = Debug|Any CPU
		{B5E5C10E-7806-4CF4-A113-90AF0165192B}.Release|Any CPU.ActiveCfg = Release|Any CPU
		{B5E5C10E-7806-4CF4-A113-90AF0165192B}.Release|Any CPU.Build.0 = Release|Any CPU
	EndGlobalSection
	GlobalSection(SolutionProperties) = preSolution
		HideSolutionNode = FALSE
	EndGlobalSection
	GlobalSection(ExtensibilityGlobals) = postSolution
		SolutionGuid = {03B77F20-6343-400C-837A-0646F5C5E7C0}
	EndGlobalSection
EndGlobal
